{
  "name": "mmm-tibber",
  "version": "3.1.0",
  "lockfileVersion": 2,
  "requires": true,
  "packages": {
    "": {
      "name": "mmm-tibber",
      "version": "3.1.0",
      "license": "MIT",
      "dependencies": {
        "graphql-ws": "^5.11.2",
        "highcharts": "^9.2.2",
        "jsonpointer": "^5.0.1",
        "node-fetch": "^2.7.0",
        "ws": "^8.11.0"
      }
    },
    "node_modules/graphql": {
      "version": "15.8.0",
      "resolved": "https://registry.npmjs.org/graphql/-/graphql-15.8.0.tgz",
      "integrity": "sha512-5gghUc24tP9HRznNpV2+FIoq3xKkj5dTQqf4v0CpdPbFVwFkWoxOM+o+2OC9ZSvjEMTjfmG9QT+gcvggTwW1zw==",
      "peer": true,
      "engines": {
        "node": ">= 10.x"
      }
    },
    "node_modules/graphql-ws": {
      "version": "5.11.2",
      "resolved": "https://registry.npmjs.org/graphql-ws/-/graphql-ws-5.11.2.tgz",
      "integrity": "sha512-4EiZ3/UXYcjm+xFGP544/yW1+DVI8ZpKASFbzrV5EDTFWJp0ZvLl4Dy2fSZAzz9imKp5pZMIcjB0x/H69Pv/6w==",
      "engines": {
        "node": ">=10"
      },
      "peerDependencies": {
        "graphql": ">=0.11 <=16"
      }
    },
    "node_modules/highcharts": {
      "version": "9.3.3",
      "resolved": "https://registry.npmjs.org/highcharts/-/highcharts-9.3.3.tgz",
      "integrity": "sha512-QeOvm6cifeZYYdTLm4IxZsXcOE9c4xqfs0z0OJJ0z7hhA9WG0rmcVAyuIp5HBl/znjA/ayYHmpYjBYD/9PG4Fg=="
    },
    "node_modules/jsonpointer": {
      "version": "5.0.1",
      "resolved": "https://registry.npmjs.org/jsonpointer/-/jsonpointer-5.0.1.tgz",
      "integrity": "sha512-p/nXbhSEcu3pZRdkW1OfJhpsVtW1gd4Wa1fnQc9YLiTfAjn0312eMKimbdIQzuZl9aa9xUGaRlP9T/CJE/ditQ==",
      "engines": {
        "node": ">=0.10.0"
      }
    },
    "node_modules/node-fetch": {
      "version": "2.7.0",
      "resolved": "https://registry.npmjs.org/node-fetch/-/node-fetch-2.7.0.tgz",
      "integrity": "sha512-c4FRfUm/dbcWZ7U+1Wq0AwCyFL+3nt2bEw05wfxSz+DWpWsitgmSgYmy2dQdWyKC1694ELPqMs/YzUSNozLt8A==",
      "dependencies": {
        "whatwg-url": "^5.0.0"
      },
      "engines": {
        "node": "4.x || >=6.0.0"
      },
      "peerDependencies": {
        "encoding": "^0.1.0"
      },
      "peerDependenciesMeta": {
        "encoding": {
          "optional": true
        }
      }
    },
    "node_modules/tr46": {
      "version": "0.0.3",
      "resolved": "https://registry.npmjs.org/tr46/-/tr46-0.0.3.tgz",
      "integrity": "sha512-N3WMsuqV66lT30CrXNbEjx4GEwlow3v6rr4mCcv6prnfwhS01rkgyFdjPNBYd9br7LpXV1+Emh01fHnq2Gdgrw=="
    },
    "node_modules/webidl-conversions": {
      "version": "3.0.1",
      "resolved": "https://registry.npmjs.org/webidl-conversions/-/webidl-conversions-3.0.1.tgz",
      "integrity": "sha512-2JAn3z8AR6rjK8Sm8orRC0h/bcl/DqL7tRPdGZ4I1CjdF+EaMLmYxBHyXuKL849eucPFhvBoxMsflfOb8kxaeQ=="
    },
    "node_modules/whatwg-url": {
      "version": "5.0.0",
      "resolved": "https://registry.npmjs.org/whatwg-url/-/whatwg-url-5.0.0.tgz",
      "integrity": "sha512-saE57nupxk6v3HY35+jzBwYa0rKSy0XR8JSxZPwgLr7ys0IBzhGviA1/TUGJLmSVqs8pb9AnvICXEuOHLprYTw==",
      "dependencies": {
        "tr46": "~0.0.3",
        "webidl-conversions": "^3.0.0"
      }
    },
    "node_modules/ws": {
      "version": "8.11.0",
      "resolved": "https://registry.npmjs.org/ws/-/ws-8.11.0.tgz",
      "integrity": "sha512-HPG3wQd9sNQoT9xHyNCXoDUa+Xw/VevmY9FoHyQ+g+rrMn4j6FB4np7Z0OhdTgjx6MgQLK7jwSy1YecU1+4Asg==",
      "engines": {
        "node": ">=10.0.0"
      },
      "peerDependencies": {
        "bufferutil": "^4.0.1",
        "utf-8-validate": "^5.0.2"
      },
      "peerDependenciesMeta": {
        "bufferutil": {
          "optional": true
        },
        "utf-8-validate": {
          "optional": true
        }
      }
    }
  },
  "dependencies": {
    "graphql": {
      "version": "15.8.0",
      "resolved": "https://registry.npmjs.org/graphql/-/graphql-15.8.0.tgz",
      "integrity": "sha512-5gghUc24tP9HRznNpV2+FIoq3xKkj5dTQqf4v0CpdPbFVwFkWoxOM+o+2OC9ZSvjEMTjfmG9QT+gcvggTwW1zw==",
      "peer": true
    },
    "graphql-ws": {
      "version": "5.11.2",
      "resolved": "https://registry.npmjs.org/graphql-ws/-/graphql-ws-5.11.2.tgz",
      "integrity": "sha512-4EiZ3/UXYcjm+xFGP544/yW1+DVI8ZpKASFbzrV5EDTFWJp0ZvLl4Dy2fSZAzz9imKp5pZMIcjB0x/H69Pv/6w==",
      "requires": {}
    },
    "highcharts": {
      "version": "9.3.3",
      "resolved": "https://registry.npmjs.org/highcharts/-/highcharts-9.3.3.tgz",
      "integrity": "sha512-QeOvm6cifeZYYdTLm4IxZsXcOE9c4xqfs0z0OJJ0z7hhA9WG0rmcVAyuIp5HBl/znjA/ayYHmpYjBYD/9PG4Fg=="
    },
    "jsonpointer": {
      "version": "5.0.1",
      "resolved": "https://registry.npmjs.org/jsonpointer/-/jsonpointer-5.0.1.tgz",
      "integrity": "sha512-p/nXbhSEcu3pZRdkW1OfJhpsVtW1gd4Wa1fnQc9YLiTfAjn0312eMKimbdIQzuZl9aa9xUGaRlP9T/CJE/ditQ=="
    },
    "node-fetch": {
      "version": "2.7.0",
      "resolved": "https://registry.npmjs.org/node-fetch/-/node-fetch-2.7.0.tgz",
      "integrity": "sha512-c4FRfUm/dbcWZ7U+1Wq0AwCyFL+3nt2bEw05wfxSz+DWpWsitgmSgYmy2dQdWyKC1694ELPqMs/YzUSNozLt8A==",
      "requires": {
        "whatwg-url": "^5.0.0"
      }
    },
    "tr46": {
      "version": "0.0.3",
      "resolved": "https://registry.npmjs.org/tr46/-/tr46-0.0.3.tgz",
      "integrity": "sha512-N3WMsuqV66lT30CrXNbEjx4GEwlow3v6rr4mCcv6prnfwhS01rkgyFdjPNBYd9br7LpXV1+Emh01fHnq2Gdgrw=="
    },
    "webidl-conversions": {
      "version": "3.0.1",
      "resolved": "https://registry.npmjs.org/webidl-conversions/-/webidl-conversions-3.0.1.tgz",
      "integrity": "sha512-2JAn3z8AR6rjK8Sm8orRC0h/bcl/DqL7tRPdGZ4I1CjdF+EaMLmYxBHyXuKL849eucPFhvBoxMsflfOb8kxaeQ=="
    },
    "whatwg-url": {
      "version": "5.0.0",
      "resolved": "https://registry.npmjs.org/whatwg-url/-/whatwg-url-5.0.0.tgz",
      "integrity": "sha512-saE57nupxk6v3HY35+jzBwYa0rKSy0XR8JSxZPwgLr7ys0IBzhGviA1/TUGJLmSVqs8pb9AnvICXEuOHLprYTw==",
      "requires": {
        "tr46": "~0.0.3",
        "webidl-conversions": "^3.0.0"
      }
    },
    "ws": {
      "version": "8.11.0",
      "resolved": "https://registry.npmjs.org/ws/-/ws-8.11.0.tgz",
      "integrity": "sha512-HPG3wQd9sNQoT9xHyNCXoDUa+Xw/VevmY9FoHyQ+g+rrMn4j6FB4np7Z0OhdTgjx6MgQLK7jwSy1YecU1+4Asg==",
      "requires": {}
    }
  }
}
